<?xml version="1.0" encoding="utf-8"?>
<Project ToolsVersion="4.0" xmlns="http://schemas.microsoft.com/developer/msbuild/2003">
  <ItemGroup>
    <Filter Include="Source Files">
      <UniqueIdentifier>{4FC737F1-C7A5-4376-A066-2A32D752A2FF}</UniqueIdentifier>
      <Extensions>cpp;c;cc;cxx;def;odl;idl;hpj;bat;asm;asmx</Extensions>
    </Filter>
    <Filter Include="Header Files">
      <UniqueIdentifier>{93995380-89BD-4b04-88EB-625FBE52EBFB}</UniqueIdentifier>
      <Extensions>h;hh;hpp;hxx;hm;inl;inc;xsd</Extensions>
    </Filter>
    <Filter Include="Resource Files">
      <UniqueIdentifier>{67DA6AB6-F800-4c08-8B7A-83BB121AAD01}</UniqueIdentifier>
      <Extensions>rc;ico;cur;bmp;dlg;rc2;rct;bin;rgs;gif;jpg;jpeg;jpe;resx;tiff;tif;png;wav;mfcribbon-ms</Extensions>
    </Filter>
  </ItemGroup>
  <ItemGroup>
    <ClCompile Include="main.cpp">
      <Filter>Source Files</Filter>
    </ClCompile>
  </ItemGroup>
  <ItemGroup>
    <None Include="config.lua" />
    <None Include="interserver_config.lua" />
    <None Include="data\scripts\hello-world.lua" />
    <None Include="data\scripts\test.lua" />
    <None Include="login_config.lua" />
    <None Include="data\scripts\account-service.lua" />
  </ItemGroup>
  <ItemGroup>
    <Xml Include="data\plugins\plugins.xml" />
    <Xml Include="data\plugins\interserver_plugins.xml" />
    <Xml Include="data\scripts\scripts.xml" />
    <Xml Include="data\plugins\plugins.xslt" />
    <Xml Include="data\plugins\login_plugins.xml" />
    <Xml Include="data\scripts\account_scripts.xml" />
  </ItemGroup>
</Project>